// !$*UTF8*$!
{
	archiveVersion = 1;
	classes = {
	};
	objectVersion = 50;
	objects = {

/* Begin PBXBuildFile section */
		634AD62425222E7D003B3088 /* AppDelegate.swift in Sources */ = {isa = PBXBuildFile; fileRef = 634AD62325222E7D003B3088 /* AppDelegate.swift */; };
		634AD62625222E7D003B3088 /* SceneDelegate.swift in Sources */ = {isa = PBXBuildFile; fileRef = 634AD62525222E7D003B3088 /* SceneDelegate.swift */; };
		634AD62B25222E7D003B3088 /* Main.storyboard in Resources */ = {isa = PBXBuildFile; fileRef = 634AD62925222E7D003B3088 /* Main.storyboard */; };
		634AD62D25222E83003B3088 /* Assets.xcassets in Resources */ = {isa = PBXBuildFile; fileRef = 634AD62C25222E83003B3088 /* Assets.xcassets */; };
		634AD63025222E83003B3088 /* LaunchScreen.storyboard in Resources */ = {isa = PBXBuildFile; fileRef = 634AD62E25222E83003B3088 /* LaunchScreen.storyboard */; };
		634AD63825226B76003B3088 /* MainViewController.swift in Sources */ = {isa = PBXBuildFile; fileRef = 634AD63725226B76003B3088 /* MainViewController.swift */; };
		634AD63E252347A1003B3088 /* MapViewController.swift in Sources */ = {isa = PBXBuildFile; fileRef = 634AD63D252347A1003B3088 /* MapViewController.swift */; };
		634AD6412523526F003B3088 /* WeatherModel.swift in Sources */ = {isa = PBXBuildFile; fileRef = 634AD6402523526F003B3088 /* WeatherModel.swift */; };
		634AD6442523565B003B3088 /* NetworkManager.swift in Sources */ = {isa = PBXBuildFile; fileRef = 634AD6432523565B003B3088 /* NetworkManager.swift */; };
		634AD647252356E7003B3088 /* Constants.swift in Sources */ = {isa = PBXBuildFile; fileRef = 634AD646252356E7003B3088 /* Constants.swift */; };
		634AD6492523586D003B3088 /* LocalManager.swift in Sources */ = {isa = PBXBuildFile; fileRef = 634AD6482523586D003B3088 /* LocalManager.swift */; };
		634AD64B252359F7003B3088 /* Spinner.swift in Sources */ = {isa = PBXBuildFile; fileRef = 634AD64A252359F7003B3088 /* Spinner.swift */; };
		634AD653252372ED003B3088 /* DailyTableViewCell.swift in Sources */ = {isa = PBXBuildFile; fileRef = 634AD652252372ED003B3088 /* DailyTableViewCell.swift */; };
		F721432EC0D09C0D2C3AC8D9 /* libPods-WeatherNatife.a in Frameworks */ = {isa = PBXBuildFile; fileRef = F3705352E1F814F83A633DDB /* libPods-WeatherNatife.a */; };
/* End PBXBuildFile section */

/* Begin PBXFileReference section */
		634AD62025222E7D003B3088 /* WeatherNatife.app */ = {isa = PBXFileReference; explicitFileType = wrapper.application; includeInIndex = 0; path = WeatherNatife.app; sourceTree = BUILT_PRODUCTS_DIR; };
		634AD62325222E7D003B3088 /* AppDelegate.swift */ = {isa = PBXFileReference; lastKnownFileType = sourcecode.swift; path = AppDelegate.swift; sourceTree = "<group>"; };
		634AD62525222E7D003B3088 /* SceneDelegate.swift */ = {isa = PBXFileReference; lastKnownFileType = sourcecode.swift; path = SceneDelegate.swift; sourceTree = "<group>"; };
		634AD62A25222E7D003B3088 /* Base */ = {isa = PBXFileReference; lastKnownFileType = file.storyboard; name = Base; path = Base.lproj/Main.storyboard; sourceTree = "<group>"; };
		634AD62C25222E83003B3088 /* Assets.xcassets */ = {isa = PBXFileReference; lastKnownFileType = folder.assetcatalog; path = Assets.xcassets; sourceTree = "<group>"; };
		634AD62F25222E83003B3088 /* Base */ = {isa = PBXFileReference; lastKnownFileType = file.storyboard; name = Base; path = Base.lproj/LaunchScreen.storyboard; sourceTree = "<group>"; };
		634AD63125222E83003B3088 /* Info.plist */ = {isa = PBXFileReference; lastKnownFileType = text.plist.xml; path = Info.plist; sourceTree = "<group>"; };
		634AD63725226B76003B3088 /* MainViewController.swift */ = {isa = PBXFileReference; lastKnownFileType = sourcecode.swift; path = MainViewController.swift; sourceTree = "<group>"; };
		634AD63D252347A1003B3088 /* MapViewController.swift */ = {isa = PBXFileReference; lastKnownFileType = sourcecode.swift; path = MapViewController.swift; sourceTree = "<group>"; };
		634AD6402523526F003B3088 /* WeatherModel.swift */ = {isa = PBXFileReference; lastKnownFileType = sourcecode.swift; path = WeatherModel.swift; sourceTree = "<group>"; };
		634AD6432523565B003B3088 /* NetworkManager.swift */ = {isa = PBXFileReference; lastKnownFileType = sourcecode.swift; path = NetworkManager.swift; sourceTree = "<group>"; };
		634AD646252356E7003B3088 /* Constants.swift */ = {isa = PBXFileReference; lastKnownFileType = sourcecode.swift; path = Constants.swift; sourceTree = "<group>"; };
		634AD6482523586D003B3088 /* LocalManager.swift */ = {isa = PBXFileReference; lastKnownFileType = sourcecode.swift; path = LocalManager.swift; sourceTree = "<group>"; };
		634AD64A252359F7003B3088 /* Spinner.swift */ = {isa = PBXFileReference; lastKnownFileType = sourcecode.swift; path = Spinner.swift; sourceTree = "<group>"; };
		634AD652252372ED003B3088 /* DailyTableViewCell.swift */ = {isa = PBXFileReference; lastKnownFileType = sourcecode.swift; path = DailyTableViewCell.swift; sourceTree = "<group>"; };
		6E4635DC87BB5AC77913C2E4 /* Pods-WeatherNatife.release.xcconfig */ = {isa = PBXFileReference; includeInIndex = 1; lastKnownFileType = text.xcconfig; name = "Pods-WeatherNatife.release.xcconfig"; path = "Target Support Files/Pods-WeatherNatife/Pods-WeatherNatife.release.xcconfig"; sourceTree = "<group>"; };
		885DB46CD20DEF811612CA50 /* Pods-WeatherNatife.debug.xcconfig */ = {isa = PBXFileReference; includeInIndex = 1; lastKnownFileType = text.xcconfig; name = "Pods-WeatherNatife.debug.xcconfig"; path = "Target Support Files/Pods-WeatherNatife/Pods-WeatherNatife.debug.xcconfig"; sourceTree = "<group>"; };
		F3705352E1F814F83A633DDB /* libPods-WeatherNatife.a */ = {isa = PBXFileReference; explicitFileType = archive.ar; includeInIndex = 0; path = "libPods-WeatherNatife.a"; sourceTree = BUILT_PRODUCTS_DIR; };
/* End PBXFileReference section */

/* Begin PBXFrameworksBuildPhase section */
		634AD61D25222E7D003B3088 /* Frameworks */ = {
			isa = PBXFrameworksBuildPhase;
			buildActionMask = 2147483647;
			files = (
				F721432EC0D09C0D2C3AC8D9 /* libPods-WeatherNatife.a in Frameworks */,
			);
			runOnlyForDeploymentPostprocessing = 0;
		};
/* End PBXFrameworksBuildPhase section */

/* Begin PBXGroup section */
		09A3A14A1CE8DF367E2069EC /* Frameworks */ = {
			isa = PBXGroup;
			children = (
				F3705352E1F814F83A633DDB /* libPods-WeatherNatife.a */,
			);
			name = Frameworks;
			sourceTree = "<group>";
		};
		634AD61725222E7D003B3088 = {
			isa = PBXGroup;
			children = (
				634AD62225222E7D003B3088 /* WeatherNatife */,
				634AD62125222E7D003B3088 /* Products */,
				A3FBA2291259DFB493AB0B5E /* Pods */,
				09A3A14A1CE8DF367E2069EC /* Frameworks */,
			);
			sourceTree = "<group>";
		};
		634AD62125222E7D003B3088 /* Products */ = {
			isa = PBXGroup;
			children = (
				634AD62025222E7D003B3088 /* WeatherNatife.app */,
			);
			name = Products;
			sourceTree = "<group>";
		};
		634AD62225222E7D003B3088 /* WeatherNatife */ = {
			isa = PBXGroup;
			children = (
				634AD62325222E7D003B3088 /* AppDelegate.swift */,
				634AD62525222E7D003B3088 /* SceneDelegate.swift */,
				634AD64C25235A07003B3088 /* Extention */,
				634AD64D25235A17003B3088 /* Constants */,
				634AD64525235672003B3088 /* Networking */,
				634AD6422523537D003B3088 /* Model */,
				634AD63F25234F64003B3088 /* View */,
				634AD62925222E7D003B3088 /* Main.storyboard */,
				634AD62C25222E83003B3088 /* Assets.xcassets */,
				634AD62E25222E83003B3088 /* LaunchScreen.storyboard */,
				634AD63125222E83003B3088 /* Info.plist */,
			);
			path = WeatherNatife;
			sourceTree = "<group>";
		};
		634AD63F25234F64003B3088 /* View */ = {
			isa = PBXGroup;
			children = (
				634AD63725226B76003B3088 /* MainViewController.swift */,
				634AD652252372ED003B3088 /* DailyTableViewCell.swift */,
				634AD63D252347A1003B3088 /* MapViewController.swift */,
			);
			path = View;
			sourceTree = "<group>";
		};
		634AD6422523537D003B3088 /* Model */ = {
			isa = PBXGroup;
			children = (
				634AD6402523526F003B3088 /* WeatherModel.swift */,
			);
			path = Model;
			sourceTree = "<group>";
		};
		634AD64525235672003B3088 /* Networking */ = {
			isa = PBXGroup;
			children = (
				634AD6432523565B003B3088 /* NetworkManager.swift */,
				634AD6482523586D003B3088 /* LocalManager.swift */,
			);
			path = Networking;
			sourceTree = "<group>";
		};
		634AD64C25235A07003B3088 /* Extention */ = {
			isa = PBXGroup;
			children = (
				634AD64A252359F7003B3088 /* Spinner.swift */,
			);
			path = Extention;
			sourceTree = "<group>";
		};
		634AD64D25235A17003B3088 /* Constants */ = {
			isa = PBXGroup;
			children = (
				634AD646252356E7003B3088 /* Constants.swift */,
			);
			path = Constants;
			sourceTree = "<group>";
		};
		A3FBA2291259DFB493AB0B5E /* Pods */ = {
			isa = PBXGroup;
			children = (
				885DB46CD20DEF811612CA50 /* Pods-WeatherNatife.debug.xcconfig */,
				6E4635DC87BB5AC77913C2E4 /* Pods-WeatherNatife.release.xcconfig */,
			);
			path = Pods;
			sourceTree = "<group>";
		};
/* End PBXGroup section */

/* Begin PBXNativeTarget section */
		634AD61F25222E7D003B3088 /* WeatherNatife */ = {
			isa = PBXNativeTarget;
			buildConfigurationList = 634AD63425222E83003B3088 /* Build configuration list for PBXNativeTarget "WeatherNatife" */;
			buildPhases = (
				73F9C86205E7EDDEDFA32578 /* [CP] Check Pods Manifest.lock */,
				634AD61C25222E7D003B3088 /* Sources */,
				634AD61D25222E7D003B3088 /* Frameworks */,
				634AD61E25222E7D003B3088 /* Resources */,
			);
			buildRules = (
			);
			dependencies = (
			);
			name = WeatherNatife;
			productName = WeatherNatife;
			productReference = 634AD62025222E7D003B3088 /* WeatherNatife.app */;
			productType = "com.apple.product-type.application";
		};
/* End PBXNativeTarget section */

/* Begin PBXProject section */
		634AD61825222E7D003B3088 /* Project object */ = {
			isa = PBXProject;
			attributes = {
				LastSwiftUpdateCheck = 1160;
				LastUpgradeCheck = 1160;
				ORGANIZATIONNAME = "Alex Sadunenko";
				TargetAttributes = {
					634AD61F25222E7D003B3088 = {
						CreatedOnToolsVersion = 11.6;
					};
				};
			};
			buildConfigurationList = 634AD61B25222E7D003B3088 /* Build configuration list for PBXProject "WeatherNatife" */;
			compatibilityVersion = "Xcode 9.3";
			developmentRegion = en;
			hasScannedForEncodings = 0;
			knownRegions = (
				en,
				Base,
			);
			mainGroup = 634AD61725222E7D003B3088;
			productRefGroup = 634AD62125222E7D003B3088 /* Products */;
			projectDirPath = "";
			projectRoot = "";
			targets = (
				634AD61F25222E7D003B3088 /* WeatherNatife */,
			);
		};
/* End PBXProject section */

/* Begin PBXResourcesBuildPhase section */
		634AD61E25222E7D003B3088 /* Resources */ = {
			isa = PBXResourcesBuildPhase;
			buildActionMask = 2147483647;
			files = (
				634AD63025222E83003B3088 /* LaunchScreen.storyboard in Resources */,
				634AD62D25222E83003B3088 /* Assets.xcassets in Resources */,
				634AD62B25222E7D003B3088 /* Main.storyboard in Resources */,
			);
			runOnlyForDeploymentPostprocessing = 0;
		};
/* End PBXResourcesBuildPhase section */

/* Begin PBXShellScriptBuildPhase section */
		73F9C86205E7EDDEDFA32578 /* [CP] Check Pods Manifest.lock */ = {
			isa = PBXShellScriptBuildPhase;
			buildActionMask = 2147483647;
			files = (
			);
			inputFileListPaths = (
			);
			inputPaths = (
				"${PODS_PODFILE_DIR_PATH}/Podfile.lock",
				"${PODS_ROOT}/Manifest.lock",
			);
			name = "[CP] Check Pods Manifest.lock";
			outputFileListPaths = (
			);
			outputPaths = (
				"$(DERIVED_FILE_DIR)/Pods-WeatherNatife-checkManifestLockResult.txt",
			);
			runOnlyForDeploymentPostprocessing = 0;
			shellPath = /bin/sh;
			shellScript = "diff \"${PODS_PODFILE_DIR_PATH}/Podfile.lock\" \"${PODS_ROOT}/Manifest.lock\" > /dev/null\nif [ $? != 0 ] ; then\n    # print error to STDERR\n    echo \"error: The sandbox is not in sync with the Podfile.lock. Run 'pod install' or update your CocoaPods installation.\" >&2\n    exit 1\nfi\n# This output is used by Xcode 'outputs' to avoid re-running this script phase.\necho \"SUCCESS\" > \"${SCRIPT_OUTPUT_FILE_0}\"\n";
			showEnvVarsInLog = 0;
		};
/* End PBXShellScriptBuildPhase section */

/* Begin PBXSourcesBuildPhase section */
		634AD61C25222E7D003B3088 /* Sources */ = {
			isa = PBXSourcesBuildPhase;
			buildActionMask = 2147483647;
			files = (
				634AD6442523565B003B3088 /* NetworkManager.swift in Sources */,
				634AD653252372ED003B3088 /* DailyTableViewCell.swift in Sources */,
				634AD64B252359F7003B3088 /* Spinner.swift in Sources */,
				634AD63825226B76003B3088 /* MainViewController.swift in Sources */,
				634AD62425222E7D003B3088 /* AppDelegate.swift in Sources */,
				634AD6492523586D003B3088 /* LocalManager.swift in Sources */,
				634AD62625222E7D003B3088 /* SceneDelegate.swift in Sources */,
				634AD647252356E7003B3088 /* Constants.swift in Sources */,
				634AD63E252347A1003B3088 /* MapViewController.swift in Sources */,
				634AD6412523526F003B3088 /* WeatherModel.swift in Sources */,
			);
			runOnlyForDeploymentPostprocessing = 0;
		};
/* End PBXSourcesBuildPhase section */

/* Begin PBXVariantGroup section */
		634AD62925222E7D003B3088 /* Main.storyboard */ = {
			isa = PBXVariantGroup;
			children = (
				634AD62A25222E7D003B3088 /* Base */,
			);
			name = Main.storyboard;
			sourceTree = "<group>";
		};
		634AD62E25222E83003B3088 /* LaunchScreen.storyboard */ = {
			isa = PBXVariantGroup;
			children = (
				634AD62F25222E83003B3088 /* Base */,
			);
			name = LaunchScreen.storyboard;
			sourceTree = "<group>";
		};
/* End PBXVariantGroup section */

/* Begin XCBuildConfiguration section */
		634AD63225222E83003B3088 /* Debug */ = {
			isa = XCBuildConfiguration;
			buildSettings = {
				ALWAYS_SEARCH_USER_PATHS = NO;
				CLANG_ANALYZER_NONNULL = YES;
				CLANG_ANALYZER_NUMBER_OBJECT_CONVERSION = YES_AGGRESSIVE;
				CLANG_CXX_LANGUAGE_STANDARD = "gnu++14";
				CLANG_CXX_LIBRARY = "libc++";
				CLANG_ENABLE_MODULES = YES;
				CLANG_ENABLE_OBJC_ARC = YES;
				CLANG_ENABLE_OBJC_WEAK = YES;
				CLANG_WARN_BLOCK_CAPTURE_AUTORELEASING = YES;
				CLANG_WARN_BOOL_CONVERSION = YES;
				CLANG_WARN_COMMA = YES;
				CLANG_WARN_CONSTANT_CONVERSION = YES;
				CLANG_WARN_DEPRECATED_OBJC_IMPLEMENTATIONS = YES;
				CLANG_WARN_DIRECT_OBJC_ISA_USAGE = YES_ERROR;
				CLANG_WARN_DOCUMENTATION_COMMENTS = YES;
				CLANG_WARN_EMPTY_BODY = YES;
				CLANG_WARN_ENUM_CONVERSION = YES;
				CLANG_WARN_INFINITE_RECURSION = YES;
				CLANG_WARN_INT_CONVERSION = YES;
				CLANG_WARN_NON_LITERAL_NULL_CONVERSION = YES;
				CLANG_WARN_OBJC_IMPLICIT_RETAIN_SELF = YES;
				CLANG_WARN_OBJC_LITERAL_CONVERSION = YES;
				CLANG_WARN_OBJC_ROOT_CLASS = YES_ERROR;
				CLANG_WARN_RANGE_LOOP_ANALYSIS = YES;
				CLANG_WARN_STRICT_PROTOTYPES = YES;
				CLANG_WARN_SUSPICIOUS_MOVE = YES;
				CLANG_WARN_UNGUARDED_AVAILABILITY = YES_AGGRESSIVE;
				CLANG_WARN_UNREACHABLE_CODE = YES;
				CLANG_WARN__DUPLICATE_METHOD_MATCH = YES;
				COPY_PHASE_STRIP = NO;
				DEBUG_INFORMATION_FORMAT = dwarf;
				ENABLE_STRICT_OBJC_MSGSEND = YES;
				ENABLE_TESTABILITY = YES;
				GCC_C_LANGUAGE_STANDARD = gnu11;
				GCC_DYNAMIC_NO_PIC = NO;
				GCC_NO_COMMON_BLOCKS = YES;
				GCC_OPTIMIZATION_LEVEL = 0;
				GCC_PREPROCESSOR_DEFINITIONS = (
					"DEBUG=1",
					"$(inherited)",
				);
				GCC_WARN_64_TO_32_BIT_CONVERSION = YES;
				GCC_WARN_ABOUT_RETURN_TYPE = YES_ERROR;
				GCC_WARN_UNDECLARED_SELECTOR = YES;
				GCC_WARN_UNINITIALIZED_AUTOS = YES_AGGRESSIVE;
				GCC_WARN_UNUSED_FUNCTION = YES;
				GCC_WARN_UNUSED_VARIABLE = YES;
				IPHONEOS_DEPLOYMENT_TARGET = 13.6;
				MTL_ENABLE_DEBUG_INFO = INCLUDE_SOURCE;
				MTL_FAST_MATH = YES;
				ONLY_ACTIVE_ARCH = YES;
				SDKROOT = iphoneos;
				SWIFT_ACTIVE_COMPILATION_CONDITIONS = DEBUG;
				SWIFT_OPTIMIZATION_LEVEL = "-Onone";
			};
			name = Debug;
		};
		634AD63325222E83003B3088 /* Release */ = {
			isa = XCBuildConfiguration;
			buildSettings = {
				ALWAYS_SEARCH_USER_PATHS = NO;
				CLANG_ANALYZER_NONNULL = YES;
				CLANG_ANALYZER_NUMBER_OBJECT_CONVERSION = YES_AGGRESSIVE;
				CLANG_CXX_LANGUAGE_STANDARD = "gnu++14";
				CLANG_CXX_LIBRARY = "libc++";
				CLANG_ENABLE_MODULES = YES;
				CLANG_ENABLE_OBJC_ARC = YES;
				CLANG_ENABLE_OBJC_WEAK = YES;
				CLANG_WARN_BLOCK_CAPTURE_AUTORELEASING = YES;
				CLANG_WARN_BOOL_CONVERSION = YES;
				CLANG_WARN_COMMA = YES;
				CLANG_WARN_CONSTANT_CONVERSION = YES;
				CLANG_WARN_DEPRECATED_OBJC_IMPLEMENTATIONS = YES;
				CLANG_WARN_DIRECT_OBJC_ISA_USAGE = YES_ERROR;
				CLANG_WARN_DOCUMENTATION_COMMENTS = YES;
				CLANG_WARN_EMPTY_BODY = YES;
				CLANG_WARN_ENUM_CONVERSION = YES;
				CLANG_WARN_INFINITE_RECURSION = YES;
				CLANG_WARN_INT_CONVERSION = YES;
				CLANG_WARN_NON_LITERAL_NULL_CONVERSION = YES;
				CLANG_WARN_OBJC_IMPLICIT_RETAIN_SELF = YES;
				CLANG_WARN_OBJC_LITERAL_CONVERSION = YES;
				CLANG_WARN_OBJC_ROOT_CLASS = YES_ERROR;
				CLANG_WARN_RANGE_LOOP_ANALYSIS = YES;
				CLANG_WARN_STRICT_PROTOTYPES = YES;
				CLANG_WARN_SUSPICIOUS_MOVE = YES;
				CLANG_WARN_UNGUARDED_AVAILABILITY = YES_AGGRESSIVE;
				CLANG_WARN_UNREACHABLE_CODE = YES;
				CLANG_WARN__DUPLICATE_METHOD_MATCH = YES;
				COPY_PHASE_STRIP = NO;
				DEBUG_INFORMATION_FORMAT = "dwarf-with-dsym";
				ENABLE_NS_ASSERTIONS = NO;
				ENABLE_STRICT_OBJC_MSGSEND = YES;
				GCC_C_LANGUAGE_STANDARD = gnu11;
				GCC_NO_COMMON_BLOCKS = YES;
				GCC_WARN_64_TO_32_BIT_CONVERSION = YES;
				GCC_WARN_ABOUT_RETURN_TYPE = YES_ERROR;
				GCC_WARN_UNDECLARED_SELECTOR = YES;
				GCC_WARN_UNINITIALIZED_AUTOS = YES_AGGRESSIVE;
				GCC_WARN_UNUSED_FUNCTION = YES;
				GCC_WARN_UNUSED_VARIABLE = YES;
				IPHONEOS_DEPLOYMENT_TARGET = 13.6;
				MTL_ENABLE_DEBUG_INFO = NO;
				MTL_FAST_MATH = YES;
				SDKROOT = iphoneos;
				SWIFT_COMPILATION_MODE = wholemodule;
				SWIFT_OPTIMIZATION_LEVEL = "-O";
				VALIDATE_PRODUCT = YES;
			};
			name = Release;
		};
		634AD63525222E83003B3088 /* Debug */ = {
			isa = XCBuildConfiguration;
			baseConfigurationReference = 885DB46CD20DEF811612CA50 /* Pods-WeatherNatife.debug.xcconfig */;
			buildSettings = {
				ASSETCATALOG_COMPILER_APPICON_NAME = AppIcon;
				CODE_SIGN_STYLE = Automatic;
				DEVELOPMENT_TEAM = 4B67BR968B;
				INFOPLIST_FILE = WeatherNatife/Info.plist;
				LD_RUNPATH_SEARCH_PATHS = (
					"$(inherited)",
					"@executable_path/Frameworks",
				);
				PRODUCT_BUNDLE_IDENTIFIER = com.sadunenko.WeatherNatife;
				PRODUCT_NAME = "$(TARGET_NAME)";
				SWIFT_VERSION = 5.0;
				TARGETED_DEVICE_FAMILY = 1;
			};
			name = Debug;
		};
		634AD63625222E83003B3088 /* Release */ = {
			isa = XCBuildConfiguration;
			baseConfigurationReference = 6E4635DC87BB5AC77913C2E4 /* Pods-WeatherNatife.release.xcconfig */;
			buildSettings = {
				ASSETCATALOG_COMPILER_APPICON_NAME = AppIcon;
				CODE_SIGN_STYLE = Automatic;
				DEVELOPMENT_TEAM = 4B67BR968B;
				INFOPLIST_FILE = WeatherNatife/Info.plist;
				LD_RUNPATH_SEARCH_PATHS = (
					"$(inherited)",
					"@executable_path/Frameworks",
				);
				PRODUCT_BUNDLE_IDENTIFIER = com.sadunenko.WeatherNatife;
				PRODUCT_NAME = "$(TARGET_NAME)";
				SWIFT_VERSION = 5.0;
				TARGETED_DEVICE_FAMILY = 1;
			};
			name = Release;
		};
/* End XCBuildConfiguration section */

/* Begin XCConfigurationList section */
		634AD61B25222E7D003B3088 /* Build configuration list for PBXProject "WeatherNatife" */ = {
			isa = XCConfigurationList;
			buildConfigurations = (
				634AD63225222E83003B3088 /* Debug */,
				634AD63325222E83003B3088 /* Release */,
			);
			defaultConfigurationIsVisible = 0;
			defaultConfigurationName = Release;
		};
		634AD63425222E83003B3088 /* Build configuration list for PBXNativeTarget "WeatherNatife" */ = {
			isa = XCConfigurationList;
			buildConfigurations = (
				634AD63525222E83003B3088 /* Debug */,
				634AD63625222E83003B3088 /* Release */,
			);
			defaultConfigurationIsVisible = 0;
			defaultConfigurationName = Release;
		};
/* End XCConfigurationList section */
	};
	rootObject = 634AD61825222E7D003B3088 /* Project object */;
}
